<?xml version="1.0" encoding="utf-8"?>
<Project ToolsVersion="4.0" xmlns="http://schemas.microsoft.com/developer/msbuild/2003">
  <ItemGroup>
    <Filter Include="Source Files">
      <UniqueIdentifier>{4FC737F1-C7A5-4376-A066-2A32D752A2FF}</UniqueIdentifier>
      <Extensions>cpp;c;cc;cxx;def;odl;idl;hpj;bat;asm;asmx</Extensions>
    </Filter>
    <Filter Include="Header Files">
      <UniqueIdentifier>{93995380-89BD-4b04-88EB-625FBE52EBFB}</UniqueIdentifier>
      <Extensions>h;hh;hpp;hxx;hm;inl;inc;xsd</Extensions>
    </Filter>
    <Filter Include="Resource Files">
      <UniqueIdentifier>{67DA6AB6-F800-4c08-8B7A-83BB121AAD01}</UniqueIdentifier>
      <Extensions>rc;ico;cur;bmp;dlg;rc2;rct;bin;rgs;gif;jpg;jpeg;jpe;resx;tiff;tif;png;wav;mfcribbon-ms</Extensions>
    </Filter>
  </ItemGroup>
  <ItemGroup>
    <ClInclude Include="..\..\gap_frontend\array_subscript.h">
      <Filter>Header Files</Filter>
    </ClInclude>
    <ClInclude Include="..\..\gap_frontend\array_subscript_serializer.h">
      <Filter>Header Files</Filter>
    </ClInclude>
    <ClInclude Include="..\..\gap_frontend\assign_stmt.h">
      <Filter>Header Files</Filter>
    </ClInclude>
    <ClInclude Include="..\..\gap_frontend\ast_helpers.h">
      <Filter>Header Files</Filter>
    </ClInclude>
    <ClInclude Include="..\..\gap_frontend\clang_allocator.h">
      <Filter>Header Files</Filter>
    </ClInclude>
    <ClInclude Include="..\..\gap_frontend\fake_stmt_mngr.h">
      <Filter>Header Files</Filter>
    </ClInclude>
    <ClInclude Include="..\..\gap_frontend\for_loop_header.h">
      <Filter>Header Files</Filter>
    </ClInclude>
    <ClInclude Include="..\..\gap_frontend\identifier.h">
      <Filter>Header Files</Filter>
    </ClInclude>
    <ClInclude Include="..\..\gap_frontend\linear_expr.h">
      <Filter>Header Files</Filter>
    </ClInclude>
    <ClInclude Include="..\..\gap_frontend\linear_expr_serializer.h">
      <Filter>Header Files</Filter>
    </ClInclude>
    <ClInclude Include="..\..\gap_frontend\nest_info_collector.h">
      <Filter>Header Files</Filter>
    </ClInclude>
    <ClInclude Include="..\..\gap_frontend\perfect_loop_nest.h">
      <Filter>Header Files</Filter>
    </ClInclude>
    <ClInclude Include="..\..\gap_frontend\sym_tbl_builder.h">
      <Filter>Header Files</Filter>
    </ClInclude>
    <ClInclude Include="..\..\gap_frontend\sym_tbl_tree.h">
      <Filter>Header Files</Filter>
    </ClInclude>
    <ClInclude Include="..\..\gap_frontend\sym_tbl_tree_node.h">
      <Filter>Header Files</Filter>
    </ClInclude>
    <ClInclude Include="..\..\gap_frontend\symbol_table.h">
      <Filter>Header Files</Filter>
    </ClInclude>
    <ClInclude Include="..\..\gap_frontend\tree_node_dumper.h">
      <Filter>Header Files</Filter>
    </ClInclude>
    <ClInclude Include="..\..\gap_frontend\mat_vec_pair.h">
      <Filter>Header Files</Filter>
    </ClInclude>
    <ClInclude Include="..\..\gap_frontend\dependence_mdl.h">
      <Filter>Header Files</Filter>
    </ClInclude>
    <ClInclude Include="..\..\gap_frontend\dep_mdl_assign_stmt.h">
      <Filter>Header Files</Filter>
    </ClInclude>
    <ClInclude Include="..\..\gap_frontend\nest_transformer.h">
      <Filter>Header Files</Filter>
    </ClInclude>
    <ClInclude Include="..\..\gap_frontend\transformation.h">
      <Filter>Header Files</Filter>
    </ClInclude>
    <ClInclude Include="..\..\gap_frontend\nest_rewriter.h">
      <Filter>Header Files</Filter>
    </ClInclude>
    <ClInclude Include="..\..\gap_frontend\nest_analysis_driver.h">
      <Filter>Header Files</Filter>
    </ClInclude>
    <ClInclude Include="..\..\gap_frontend\code_generator.h">
      <Filter>Header Files</Filter>
    </ClInclude>
    <ClInclude Include="..\..\gap_frontend\invocation_stmts_gen.h">
      <Filter>Header Files</Filter>
    </ClInclude>
    <ClInclude Include="..\..\gap_frontend\kernel_def_gen.h">
      <Filter>Header Files</Filter>
    </ClInclude>
    <ClInclude Include="..\..\gap_frontend\file_path_helpers.h">
      <Filter>Header Files</Filter>
    </ClInclude>
    <ClInclude Include="..\..\gap_frontend\compilation_driver.h">
      <Filter>Header Files</Filter>
    </ClInclude>
  </ItemGroup>
  <ItemGroup>
    <ClCompile Include="..\..\gap_frontend\array_subscript.cpp">
      <Filter>Source Files</Filter>
    </ClCompile>
    <ClCompile Include="..\..\gap_frontend\array_subscript_serializer.cpp">
      <Filter>Source Files</Filter>
    </ClCompile>
    <ClCompile Include="..\..\gap_frontend\assign_stmt.cpp">
      <Filter>Source Files</Filter>
    </ClCompile>
    <ClCompile Include="..\..\gap_frontend\ast_helpers.cpp">
      <Filter>Source Files</Filter>
    </ClCompile>
    <ClCompile Include="..\..\gap_frontend\fake_stmt_mngr.cpp">
      <Filter>Source Files</Filter>
    </ClCompile>
    <ClCompile Include="..\..\gap_frontend\for_loop_header.cpp">
      <Filter>Source Files</Filter>
    </ClCompile>
    <ClCompile Include="..\..\gap_frontend\identifier.cpp">
      <Filter>Source Files</Filter>
    </ClCompile>
    <ClCompile Include="..\..\gap_frontend\linear_expr.cpp">
      <Filter>Source Files</Filter>
    </ClCompile>
    <ClCompile Include="..\..\gap_frontend\linear_expr_serializer.cpp">
      <Filter>Source Files</Filter>
    </ClCompile>
    <ClCompile Include="..\..\gap_frontend\main.cpp">
      <Filter>Source Files</Filter>
    </ClCompile>
    <ClCompile Include="..\..\gap_frontend\nest_info_collector.cpp">
      <Filter>Source Files</Filter>
    </ClCompile>
    <ClCompile Include="..\..\gap_frontend\perfect_loop_nest.cpp">
      <Filter>Source Files</Filter>
    </ClCompile>
    <ClCompile Include="..\..\gap_frontend\sym_tbl_builder.cpp">
      <Filter>Source Files</Filter>
    </ClCompile>
    <ClCompile Include="..\..\gap_frontend\sym_tbl_tree.cpp">
      <Filter>Source Files</Filter>
    </ClCompile>
    <ClCompile Include="..\..\gap_frontend\sym_tbl_tree_node.cpp">
      <Filter>Source Files</Filter>
    </ClCompile>
    <ClCompile Include="..\..\gap_frontend\symbol_table.cpp">
      <Filter>Source Files</Filter>
    </ClCompile>
    <ClCompile Include="..\..\gap_frontend\tree_node_dumper.cpp">
      <Filter>Source Files</Filter>
    </ClCompile>
    <ClCompile Include="..\..\gap_frontend\dep_mdl_assign_stmt.cpp">
      <Filter>Source Files</Filter>
    </ClCompile>
    <ClCompile Include="..\..\gap_frontend\dependence_mdl.cpp">
      <Filter>Source Files</Filter>
    </ClCompile>
    <ClCompile Include="..\..\gap_frontend\nest_transformer.cpp">
      <Filter>Source Files</Filter>
    </ClCompile>
    <ClCompile Include="..\..\gap_frontend\nest_rewriter.cpp">
      <Filter>Source Files</Filter>
    </ClCompile>
    <ClCompile Include="..\..\gap_frontend\nest_analysis_driver.cpp">
      <Filter>Source Files</Filter>
    </ClCompile>
    <ClCompile Include="..\..\gap_frontend\invocation_stmts_gen.cpp">
      <Filter>Source Files</Filter>
    </ClCompile>
    <ClCompile Include="..\..\gap_frontend\array_decl_info.h">
      <Filter>Header Files</Filter>
    </ClCompile>
    <ClCompile Include="..\..\gap_frontend\kernel_def_gen.cpp">
      <Filter>Source Files</Filter>
    </ClCompile>
    <ClCompile Include="..\..\gap_frontend\code_generator.cpp">
      <Filter>Source Files</Filter>
    </ClCompile>
    <ClCompile Include="..\..\gap_frontend\file_path_helpers.cpp">
      <Filter>Source Files</Filter>
    </ClCompile>
    <ClCompile Include="..\..\gap_frontend\compilation_driver.cpp">
      <Filter>Source Files</Filter>
    </ClCompile>
  </ItemGroup>
</Project>